// !$*UTF8*$!
{
	archiveVersion = 1;
	classes = {
	};
	objectVersion = 46;
	objects = {

/* Begin PBXBuildFile section */
		FC10A6EE1A3B1C73003DD525 /* main.m in Sources */ = {isa = PBXBuildFile; fileRef = FC10A6ED1A3B1C73003DD525 /* main.m */; };
		FC10A6F11A3B1C73003DD525 /* AppDelegate.m in Sources */ = {isa = PBXBuildFile; fileRef = FC10A6F01A3B1C73003DD525 /* AppDelegate.m */; };
		FC10A6F41A3B1C74003DD525 /* testbutton.xcdatamodeld in Sources */ = {isa = PBXBuildFile; fileRef = FC10A6F21A3B1C74003DD525 /* testbutton.xcdatamodeld */; };
		FC10A6F71A3B1C74003DD525 /* ViewController.m in Sources */ = {isa = PBXBuildFile; fileRef = FC10A6F61A3B1C74003DD525 /* ViewController.m */; };
		FC10A6FA1A3B1C74003DD525 /* Main.storyboard in Resources */ = {isa = PBXBuildFile; fileRef = FC10A6F81A3B1C74003DD525 /* Main.storyboard */; };
		FC10A6FC1A3B1C74003DD525 /* Images.xcassets in Resources */ = {isa = PBXBuildFile; fileRef = FC10A6FB1A3B1C74003DD525 /* Images.xcassets */; };
		FC10A6FF1A3B1C74003DD525 /* LaunchScreen.xib in Resources */ = {isa = PBXBuildFile; fileRef = FC10A6FD1A3B1C74003DD525 /* LaunchScreen.xib */; };
		FC10A70B1A3B1C74003DD525 /* testbuttonTests.m in Sources */ = {isa = PBXBuildFile; fileRef = FC10A70A1A3B1C74003DD525 /* testbuttonTests.m */; };
/* End PBXBuildFile section */

/* Begin PBXContainerItemProxy section */
		FC10A7051A3B1C74003DD525 /* PBXContainerItemProxy */ = {
			isa = PBXContainerItemProxy;
			containerPortal = FC10A6E01A3B1C73003DD525 /* Project object */;
			proxyType = 1;
			remoteGlobalIDString = FC10A6E71A3B1C73003DD525;
			remoteInfo = testbutton;
		};
/* End PBXContainerItemProxy section */

/* Begin PBXFileReference section */
		FC10A6E81A3B1C73003DD525 /* testbutton.app */ = {isa = PBXFileReference; explicitFileType = wrapper.application; includeInIndex = 0; path = testbutton.app; sourceTree = BUILT_PRODUCTS_DIR; };
		FC10A6EC1A3B1C73003DD525 /* Info.plist */ = {isa = PBXFileReference; lastKnownFileType = text.plist.xml; path = Info.plist; sourceTree = "<group>"; };
		FC10A6ED1A3B1C73003DD525 /* main.m */ = {isa = PBXFileReference; lastKnownFileType = sourcecode.c.objc; path = main.m; sourceTree = "<group>"; };
		FC10A6EF1A3B1C73003DD525 /* AppDelegate.h */ = {isa = PBXFileReference; lastKnownFileType = sourcecode.c.h; path = AppDelegate.h; sourceTree = "<group>"; };
		FC10A6F01A3B1C73003DD525 /* AppDelegate.m */ = {isa = PBXFileReference; lastKnownFileType = sourcecode.c.objc; path = AppDelegate.m; sourceTree = "<group>"; };
		FC10A6F31A3B1C74003DD525 /* testbutton.xcdatamodel */ = {isa = PBXFileReference; lastKnownFileType = wrapper.xcdatamodel; path = testbutton.xcdatamodel; sourceTree = "<group>"; };
		FC10A6F51A3B1C74003DD525 /* ViewController.h */ = {isa = PBXFileReference; lastKnownFileType = sourcecode.c.h; path = ViewController.h; sourceTree = "<group>"; };
		FC10A6F61A3B1C74003DD525 /* ViewController.m */ = {isa = PBXFileReference; lastKnownFileType = sourcecode.c.objc; path = ViewController.m; sourceTree = "<group>"; };
		FC10A6F91A3B1C74003DD525 /* Base */ = {isa = PBXFileReference; lastKnownFileType = file.storyboard; name = Base; path = Base.lproj/Main.storyboard; sourceTree = "<group>"; };
		FC10A6FB1A3B1C74003DD525 /* Images.xcassets */ = {isa = PBXFileReference; lastKnownFileType = folder.assetcatalog; path = Images.xcassets; sourceTree = "<group>"; };
		FC10A6FE1A3B1C74003DD525 /* Base */ = {isa = PBXFileReference; lastKnownFileType = file.xib; name = Base; path = Base.lproj/LaunchScreen.xib; sourceTree = "<group>"; };
		FC10A7041A3B1C74003DD525 /* testbuttonTests.xctest */ = {isa = PBXFileReference; explicitFileType = wrapper.cfbundle; includeInIndex = 0; path = testbuttonTests.xctest; sourceTree = BUILT_PRODUCTS_DIR; };
		FC10A7091A3B1C74003DD525 /* Info.plist */ = {isa = PBXFileReference; lastKnownFileType = text.plist.xml; path = Info.plist; sourceTree = "<group>"; };
		FC10A70A1A3B1C74003DD525 /* testbuttonTests.m */ = {isa = PBXFileReference; lastKnownFileType = sourcecode.c.objc; path = testbuttonTests.m; sourceTree = "<group>"; };
/* End PBXFileReference section */

/* Begin PBXFrameworksBuildPhase section */
		FC10A6E51A3B1C73003DD525 /* Frameworks */ = {
			isa = PBXFrameworksBuildPhase;
			buildActionMask = 2147483647;
			files = (
			);
			runOnlyForDeploymentPostprocessing = 0;
		};
		FC10A7011A3B1C74003DD525 /* Frameworks */ = {
			isa = PBXFrameworksBuildPhase;
			buildActionMask = 2147483647;
			files = (
			);
			runOnlyForDeploymentPostprocessing = 0;
		};
/* End PBXFrameworksBuildPhase section */

/* Begin PBXGroup section */
		FC10A6DF1A3B1C73003DD525 = {
			isa = PBXGroup;
			children = (
				FC10A6EA1A3B1C73003DD525 /* testbutton */,
				FC10A7071A3B1C74003DD525 /* testbuttonTests */,
				FC10A6E91A3B1C73003DD525 /* Products */,
			);
			sourceTree = "<group>";
		};
		FC10A6E91A3B1C73003DD525 /* Products */ = {
			isa = PBXGroup;
			children = (
				FC10A6E81A3B1C73003DD525 /* testbutton.app */,
				FC10A7041A3B1C74003DD525 /* testbuttonTests.xctest */,
			);
			name = Products;
			sourceTree = "<group>";
		};
		FC10A6EA1A3B1C73003DD525 /* testbutton */ = {
			isa = PBXGroup;
			children = (
				FC10A6EF1A3B1C73003DD525 /* AppDelegate.h */,
				FC10A6F01A3B1C73003DD525 /* AppDelegate.m */,
				FC10A6F51A3B1C74003DD525 /* ViewController.h */,
				FC10A6F61A3B1C74003DD525 /* ViewController.m */,
				FC10A6F81A3B1C74003DD525 /* Main.storyboard */,
				FC10A6FB1A3B1C74003DD525 /* Images.xcassets */,
				FC10A6FD1A3B1C74003DD525 /* LaunchScreen.xib */,
				FC10A6F21A3B1C74003DD525 /* testbutton.xcdatamodeld */,
				FC10A6EB1A3B1C73003DD525 /* Supporting Files */,
			);
			path = testbutton;
			sourceTree = "<group>";
		};
		FC10A6EB1A3B1C73003DD525 /* Supporting Files */ = {
			isa = PBXGroup;
			children = (
				FC10A6EC1A3B1C73003DD525 /* Info.plist */,
				FC10A6ED1A3B1C73003DD525 /* main.m */,
			);
			name = "Supporting Files";
			sourceTree = "<group>";
		};
		FC10A7071A3B1C74003DD525 /* testbuttonTests */ = {
			isa = PBXGroup;
			children = (
				FC10A70A1A3B1C74003DD525 /* testbuttonTests.m */,
				FC10A7081A3B1C74003DD525 /* Supporting Files */,
			);
			path = testbuttonTests;
			sourceTree = "<group>";
		};
		FC10A7081A3B1C74003DD525 /* Supporting Files */ = {
			isa = PBXGroup;
			children = (
				FC10A7091A3B1C74003DD525 /* Info.plist */,
			);
			name = "Supporting Files";
			sourceTree = "<group>";
		};
/* End PBXGroup section */

/* Begin PBXNativeTarget section */
		FC10A6E71A3B1C73003DD525 /* testbutton */ = {
			isa = PBXNativeTarget;
			buildConfigurationList = FC10A70E1A3B1C74003DD525 /* Build configuration list for PBXNativeTarget "testbutton" */;
			buildPhases = (
				FC10A6E41A3B1C73003DD525 /* Sources */,
				FC10A6E51A3B1C73003DD525 /* Frameworks */,
				FC10A6E61A3B1C73003DD525 /* Resources */,
			);
			buildRules = (
			);
			dependencies = (
			);
			name = testbutton;
			productName = testbutton;
			productReference = FC10A6E81A3B1C73003DD525 /* testbutton.app */;
			productType = "com.apple.product-type.application";
		};
		FC10A7031A3B1C74003DD525 /* testbuttonTests */ = {
			isa = PBXNativeTarget;
			buildConfigurationList = FC10A7111A3B1C74003DD525 /* Build configuration list for PBXNativeTarget "testbuttonTests" */;
			buildPhases = (
				FC10A7001A3B1C74003DD525 /* Sources */,
				FC10A7011A3B1C74003DD525 /* Frameworks */,
				FC10A7021A3B1C74003DD525 /* Resources */,
			);
			buildRules = (
			);
			dependencies = (
				FC10A7061A3B1C74003DD525 /* PBXTargetDependency */,
			);
			name = testbuttonTests;
			productName = testbuttonTests;
			productReference = FC10A7041A3B1C74003DD525 /* testbuttonTests.xctest */;
			productType = "com.apple.product-type.bundle.unit-test";
		};
/* End PBXNativeTarget section */

/* Begin PBXProject section */
		FC10A6E01A3B1C73003DD525 /* Project object */ = {
			isa = PBXProject;
			attributes = {
				LastUpgradeCheck = 0610;
				ORGANIZATIONNAME = TURKTICARETNET;
				TargetAttributes = {
					FC10A6E71A3B1C73003DD525 = {
						CreatedOnToolsVersion = 6.1;
					};
					FC10A7031A3B1C74003DD525 = {
						CreatedOnToolsVersion = 6.1;
						TestTargetID = FC10A6E71A3B1C73003DD525;
					};
				};
			};
			buildConfigurationList = FC10A6E31A3B1C73003DD525 /* Build configuration list for PBXProject "testbutton" */;
			compatibilityVersion = "Xcode 3.2";
			developmentRegion = English;
			hasScannedForEncodings = 0;
			knownRegions = (
				en,
				Base,
			);
			mainGroup = FC10A6DF1A3B1C73003DD525;
			productRefGroup = FC10A6E91A3B1C73003DD525 /* Products */;
			projectDirPath = "";
			projectRoot = "";
			targets = (
				FC10A6E71A3B1C73003DD525 /* testbutton */,
				FC10A7031A3B1C74003DD525 /* testbuttonTests */,
			);
		};
/* End PBXProject section */

/* Begin PBXResourcesBuildPhase section */
		FC10A6E61A3B1C73003DD525 /* Resources */ = {
			isa = PBXResourcesBuildPhase;
			buildActionMask = 2147483647;
			files = (
				FC10A6FA1A3B1C74003DD525 /* Main.storyboard in Resources */,
				FC10A6FF1A3B1C74003DD525 /* LaunchScreen.xib in Resources */,
				FC10A6FC1A3B1C74003DD525 /* Images.xcassets in Resources */,
			);
			runOnlyForDeploymentPostprocessing = 0;
		};
		FC10A7021A3B1C74003DD525 /* Resources */ = {
			isa = PBXResourcesBuildPhase;
			buildActionMask = 2147483647;
			files = (
			);
			runOnlyForDeploymentPostprocessing = 0;
		};
/* End PBXResourcesBuildPhase section */

/* Begin PBXSourcesBuildPhase section */
		FC10A6E41A3B1C73003DD525 /* Sources */ = {
			isa = PBXSourcesBuildPhase;
			buildActionMask = 2147483647;
			files = (
				FC10A6F11A3B1C73003DD525 /* AppDelegate.m in Sources */,
				FC10A6EE1A3B1C73003DD525 /* main.m in Sources */,
				FC10A6F71A3B1C74003DD525 /* ViewController.m in Sources */,
				FC10A6F41A3B1C74003DD525 /* testbutton.xcdatamodeld in Sources */,
			);
			runOnlyForDeploymentPostprocessing = 0;
		};
		FC10A7001A3B1C74003DD525 /* Sources */ = {
			isa = PBXSourcesBuildPhase;
			buildActionMask = 2147483647;
			files = (
				FC10A70B1A3B1C74003DD525 /* testbuttonTests.m in Sources */,
			);
			runOnlyForDeploymentPostprocessing = 0;
		};
/* End PBXSourcesBuildPhase section */

/* Begin PBXTargetDependency section */
		FC10A7061A3B1C74003DD525 /* PBXTargetDependency */ = {
			isa = PBXTargetDependency;
			target = FC10A6E71A3B1C73003DD525 /* testbutton */;
			targetProxy = FC10A7051A3B1C74003DD525 /* PBXContainerItemProxy */;
		};
/* End PBXTargetDependency section */

/* Begin PBXVariantGroup section */
		FC10A6F81A3B1C74003DD525 /* Main.storyboard */ = {
			isa = PBXVariantGroup;
			children = (
				FC10A6F91A3B1C74003DD525 /* Base */,
			);
			name = Main.storyboard;
			sourceTree = "<group>";
		};
		FC10A6FD1A3B1C74003DD525 /* LaunchScreen.xib */ = {
			isa = PBXVariantGroup;
			children = (
				FC10A6FE1A3B1C74003DD525 /* Base */,
			);
			name = LaunchScreen.xib;
			sourceTree = "<group>";
		};
/* End PBXVariantGroup section */

/* Begin XCBuildConfiguration section */
		FC10A70C1A3B1C74003DD525 /* Debug */ = {
			isa = XCBuildConfiguration;
			buildSettings = {
				ALWAYS_SEARCH_USER_PATHS = NO;
				CLANG_CXX_LANGUAGE_STANDARD = "gnu++0x";
				CLANG_CXX_LIBRARY = "libc++";
				CLANG_ENABLE_MODULES = YES;
				CLANG_ENABLE_OBJC_ARC = YES;
				CLANG_WARN_BOOL_CONVERSION = YES;
				CLANG_WARN_CONSTANT_CONVERSION = YES;
				CLANG_WARN_DIRECT_OBJC_ISA_USAGE = YES_ERROR;
				CLANG_WARN_EMPTY_BODY = YES;
				CLANG_WARN_ENUM_CONVERSION = YES;
				CLANG_WARN_INT_CONVERSION = YES;
				CLANG_WARN_OBJC_ROOT_CLASS = YES_ERROR;
				CLANG_WARN_UNREACHABLE_CODE = YES;
				CLANG_WARN__DUPLICATE_METHOD_MATCH = YES;
				"CODE_SIGN_IDENTITY[sdk=iphoneos*]" = "iPhone Developer";
				COPY_PHASE_STRIP = NO;
				ENABLE_STRICT_OBJC_MSGSEND = YES;
				GCC_C_LANGUAGE_STANDARD = gnu99;
				GCC_DYNAMIC_NO_PIC = NO;
				GCC_OPTIMIZATION_LEVEL = 0;
				GCC_PREPROCESSOR_DEFINITIONS = (
					"DEBUG=1",
					"$(inherited)",
				);
				GCC_SYMBOLS_PRIVATE_EXTERN = NO;
				GCC_WARN_64_TO_32_BIT_CONVERSION = YES;
				GCC_WARN_ABOUT_RETURN_TYPE = YES_ERROR;
				GCC_WARN_UNDECLARED_SELECTOR = YES;
				GCC_WARN_UNINITIALIZED_AUTOS = YES_AGGRESSIVE;
				GCC_WARN_UNUSED_FUNCTION = YES;
				GCC_WARN_UNUSED_VARIABLE = YES;
				IPHONEOS_DEPLOYMENT_TARGET = 8.1;
				MTL_ENABLE_DEBUG_INFO = YES;
				ONLY_ACTIVE_ARCH = YES;
				SDKROOT = iphoneos;
			};
			name = Debug;
		};
		FC10A70D1A3B1C74003DD525 /* Release */ = {
			isa = XCBuildConfiguration;
			buildSettings = {
				ALWAYS_SEARCH_USER_PATHS = NO;
				CLANG_CXX_LANGUAGE_STANDARD = "gnu++0x";
				CLANG_CXX_LIBRARY = "libc++";
				CLANG_ENABLE_MODULES = YES;
				CLANG_ENABLE_OBJC_ARC = YES;
				CLANG_WARN_BOOL_CONVERSION = YES;
				CLANG_WARN_CONSTANT_CONVERSION = YES;
				CLANG_WARN_DIRECT_OBJC_ISA_USAGE = YES_ERROR;
				CLANG_WARN_EMPTY_BODY = YES;
				CLANG_WARN_ENUM_CONVERSION = YES;
				CLANG_WARN_INT_CONVERSION = YES;
				CLANG_WARN_OBJC_ROOT_CLASS = YES_ERROR;
				CLANG_WARN_UNREACHABLE_CODE = YES;
				CLANG_WARN__DUPLICATE_METHOD_MATCH = YES;
				"CODE_SIGN_IDENTITY[sdk=iphoneos*]" = "iPhone Developer";
				COPY_PHASE_STRIP = YES;
				ENABLE_NS_ASSERTIONS = NO;
				ENABLE_STRICT_OBJC_MSGSEND = YES;
				GCC_C_LANGUAGE_STANDARD = gnu99;
				GCC_WARN_64_TO_32_BIT_CONVERSION = YES;
				GCC_WARN_ABOUT_RETURN_TYPE = YES_ERROR;
				GCC_WARN_UNDECLARED_SELECTOR = YES;
				GCC_WARN_UNINITIALIZED_AUTOS = YES_AGGRESSIVE;
				GCC_WARN_UNUSED_FUNCTION = YES;
				GCC_WARN_UNUSED_VARIABLE = YES;
				IPHONEOS_DEPLOYMENT_TARGET = 8.1;
				MTL_ENABLE_DEBUG_INFO = NO;
				SDKROOT = iphoneos;
				VALIDATE_PRODUCT = YES;
			};
			name = Release;
		};
		FC10A70F1A3B1C74003DD525 /* Debug */ = {
			isa = XCBuildConfiguration;
			buildSettings = {
				ASSETCATALOG_COMPILER_APPICON_NAME = AppIcon;
				INFOPLIST_FILE = testbutton/Info.plist;
				LD_RUNPATH_SEARCH_PATHS = "$(inherited) @executable_path/Frameworks";
				PRODUCT_NAME = "$(TARGET_NAME)";
			};
			name = Debug;
		};
		FC10A7101A3B1C74003DD525 /* Release */ = {
			isa = XCBuildConfiguration;
			buildSettings = {
				ASSETCATALOG_COMPILER_APPICON_NAME = AppIcon;
				INFOPLIST_FILE = testbutton/Info.plist;
				LD_RUNPATH_SEARCH_PATHS = "$(inherited) @executable_path/Frameworks";
				PRODUCT_NAME = "$(TARGET_NAME)";
			};
			name = Release;
		};
		FC10A7121A3B1C74003DD525 /* Debug */ = {
			isa = XCBuildConfiguration;
			buildSettings = {
				BUNDLE_LOADER = "$(TEST_HOST)";
				FRAMEWORK_SEARCH_PATHS = (
					"$(SDKROOT)/Developer/Library/Frameworks",
					"$(inherited)",
				);
				GCC_PREPROCESSOR_DEFINITIONS = (
					"DEBUG=1",
					"$(inherited)",
				);
				INFOPLIST_FILE = testbuttonTests/Info.plist;
				LD_RUNPATH_SEARCH_PATHS = "$(inherited) @executable_path/Frameworks @loader_path/Frameworks";
				PRODUCT_NAME = "$(TARGET_NAME)";
				TEST_HOST = "$(BUILT_PRODUCTS_DIR)/testbutton.app/testbutton";
			};
			name = Debug;
		};
		FC10A7131A3B1C74003DD525 /* Release */ = {
			isa = XCBuildConfiguration;
			buildSettings = {
				BUNDLE_LOADER = "$(TEST_HOST)";
				FRAMEWORK_SEARCH_PATHS = (
					"$(SDKROOT)/Developer/Library/Frameworks",
					"$(inherited)",
				);
				INFOPLIST_FILE = testbuttonTests/Info.plist;
				LD_RUNPATH_SEARCH_PATHS = "$(inherited) @executable_path/Frameworks @loader_path/Frameworks";
				PRODUCT_NAME = "$(TARGET_NAME)";
				TEST_HOST = "$(BUILT_PRODUCTS_DIR)/testbutton.app/testbutton";
			};
			name = Release;
		};
/* End XCBuildConfiguration section */

/* Begin XCConfigurationList section */
		FC10A6E31A3B1C73003DD525 /* Build configuration list for PBXProject "testbutton" */ = {
			isa = XCConfigurationList;
			buildConfigurations = (
				FC10A70C1A3B1C74003DD525 /* Debug */,
				FC10A70D1A3B1C74003DD525 /* Release */,
			);
			defaultConfigurationIsVisible = 0;
			defaultConfigurationName = Release;
		};
		FC10A70E1A3B1C74003DD525 /* Build configuration list for PBXNativeTarget "testbutton" */ = {
			isa = XCConfigurationList;
			buildConfigurations = (
				FC10A70F1A3B1C74003DD525 /* Debug */,
				FC10A7101A3B1C74003DD525 /* Release */,
			);
			defaultConfigurationIsVisible = 0;
		};
		FC10A7111A3B1C74003DD525 /* Build configuration list for PBXNativeTarget "testbuttonTests" */ = {
			isa = XCConfigurationList;
			buildConfigurations = (
				FC10A7121A3B1C74003DD525 /* Debug */,
				FC10A7131A3B1C74003DD525 /* Release */,
			);
			defaultConfigurationIsVisible = 0;
		};
/* End XCConfigurationList section */

/* Begin XCVersionGroup section */
		FC10A6F21A3B1C74003DD525 /* testbutton.xcdatamodeld */ = {
			isa = XCVersionGroup;
			children = (
				FC10A6F31A3B1C74003DD525 /* testbutton.xcdatamodel */,
			);
			currentVersion = FC10A6F31A3B1C74003DD525 /* testbutton.xcdatamodel */;
			path = testbutton.xcdatamodeld;
			sourceTree = "<group>";
			versionGroupType = wrapper.xcdatamodel;
		};
/* End XCVersionGroup section */
	};
	rootObject = FC10A6E01A3B1C73003DD525 /* Project object */;
}
